
Microsoft Visual Studio Solution File, Format Version 12.00
# Visual Studio Version 16
VisualStudioVersion = 16.0.30804.86
MinimumVisualStudioVersion = 10.0.40219.1
Project("{FAE04EC0-301F-11D3-BF4B-00C04F79EFBC}") = "ProjLTI", "ProjLTI\ProjLTI.csproj", "{F572D7D3-7E51-416E-8C83-FCC685A39A9D}"
EndProject
Global
	GlobalSection(SolutionConfigurationPlatforms) = preSolution
		Debug|Any CPU = Debug|Any CPU
		Release|Any CPU = Release|Any CPU
	EndGlobalSection
	GlobalSection(ProjectConfigurationPlatforms) = postSolution
		{F572D7D3-7E51-416E-8C83-FCC685A39A9D}.Debug|Any CPU.ActiveCfg = Debug|Any CPU
		{F572D7D3-7E51-416E-8C83-FCC685A39A9D}.Debug|Any CPU.Build.0 = Debug|Any CPU
		{F572D7D3-7E51-416E-8C83-FCC685A39A9D}.Release|Any CPU.ActiveCfg = Release|Any CPU
		{F572D7D3-7E51-416E-8C83-FCC685A39A9D}.Release|Any CPU.Build.0 = Release|Any CPU
	EndGlobalSection
	GlobalSection(SolutionProperties) = preSolution
		HideSolutionNode = FALSE
	EndGlobalSection
	GlobalSection(ExtensibilityGlobals) = postSolution
		SolutionGuid = {5AE9B3ED-19F0-4171-A99F-86BC2E75442F}
	EndGlobalSection
EndGlobal
